
Microsoft Visual Studio Solution File, Format Version 12.00
# Visual Studio Version 17
VisualStudioVersion = 17.8.0.0
MinimumVisualStudioVersion = 17.8.0.0
Project("{9A19103F-16F7-4668-BE54-9A1E7A4F7556}") = "OrderFlow.AppHost", "OrderFlow.AppHost\OrderFlow.AppHost.csproj", "{77133D5F-9F1D-4FAC-AC0D-E014993C1A15}"
EndProject
Project("{9A19103F-16F7-4668-BE54-9A1E7A4F7556}") = "OrderFlow.ServiceDefaults", "OrderFlow.ServiceDefaults\OrderFlow.ServiceDefaults.csproj", "{99DDA1A1-0EF1-4D66-AF02-9FD05EA8B8F7}"
EndProject
Project("{9A19103F-16F7-4668-BE54-9A1E7A4F7556}") = "OrderFlow.Web", "OrderFlow.Web\OrderFlow.Web.csproj", "{C267FC56-CEDF-418F-8456-A2442614C253}"
EndProject
Project("{FAE04EC0-301F-11D3-BF4B-00C04F79EFBC}") = "Orders.Api", "Orders.Api\Orders.Api.csproj", "{833209F5-D388-4927-B856-4824AAC1A3E1}"
EndProject
Project("{FAE04EC0-301F-11D3-BF4B-00C04F79EFBC}") = "Inventory.Api", "Inventory.Api\Inventory.Api.csproj", "{17D97148-92EB-480D-8403-093CF1FA3496}"
EndProject
Project("{FAE04EC0-301F-11D3-BF4B-00C04F79EFBC}") = "Payments.Api", "Payments.Api\Payments.Api.csproj", "{4B103D1B-EEB3-4736-8E4E-6E01D9C9DD43}"
EndProject
Project("{FAE04EC0-301F-11D3-BF4B-00C04F79EFBC}") = "OrderFlow.Contracts", "OrderFlow.Contracts\OrderFlow.Contracts.csproj", "{2B18A2BA-DF0E-4853-9CF3-6E543416939A}"
EndProject
Project("{FAE04EC0-301F-11D3-BF4B-00C04F79EFBC}") = "OrderFlow.IntegrationTests", "OrderFlow.IntegrationTests\OrderFlow.IntegrationTests.csproj", "{63F35293-13B3-4823-A169-A4F48C4F09A9}"
EndProject
Project("{FAE04EC0-301F-11D3-BF4B-00C04F79EFBC}") = "OrderFlow.Gateway", "OrderFlow.Gateway\OrderFlow.Gateway.csproj", "{EA7F435A-87EC-4D43-95C1-396CDDAC36B3}"
EndProject
Global
	GlobalSection(SolutionConfigurationPlatforms) = preSolution
		Debug|Any CPU = Debug|Any CPU
		Debug|x64 = Debug|x64
		Debug|x86 = Debug|x86
		Release|Any CPU = Release|Any CPU
		Release|x64 = Release|x64
		Release|x86 = Release|x86
	EndGlobalSection
	GlobalSection(ProjectConfigurationPlatforms) = postSolution
		{77133D5F-9F1D-4FAC-AC0D-E014993C1A15}.Debug|Any CPU.ActiveCfg = Debug|Any CPU
		{77133D5F-9F1D-4FAC-AC0D-E014993C1A15}.Debug|Any CPU.Build.0 = Debug|Any CPU
		{77133D5F-9F1D-4FAC-AC0D-E014993C1A15}.Debug|x64.ActiveCfg = Debug|Any CPU
		{77133D5F-9F1D-4FAC-AC0D-E014993C1A15}.Debug|x64.Build.0 = Debug|Any CPU
		{77133D5F-9F1D-4FAC-AC0D-E014993C1A15}.Debug|x86.ActiveCfg = Debug|Any CPU
		{77133D5F-9F1D-4FAC-AC0D-E014993C1A15}.Debug|x86.Build.0 = Debug|Any CPU
		{77133D5F-9F1D-4FAC-AC0D-E014993C1A15}.Release|Any CPU.ActiveCfg = Release|Any CPU
		{77133D5F-9F1D-4FAC-AC0D-E014993C1A15}.Release|Any CPU.Build.0 = Release|Any CPU
		{77133D5F-9F1D-4FAC-AC0D-E014993C1A15}.Release|x64.ActiveCfg = Release|Any CPU
		{77133D5F-9F1D-4FAC-AC0D-E014993C1A15}.Release|x64.Build.0 = Release|Any CPU
		{77133D5F-9F1D-4FAC-AC0D-E014993C1A15}.Release|x86.ActiveCfg = Release|Any CPU
		{77133D5F-9F1D-4FAC-AC0D-E014993C1A15}.Release|x86.Build.0 = Release|Any CPU
		{99DDA1A1-0EF1-4D66-AF02-9FD05EA8B8F7}.Debug|Any CPU.ActiveCfg = Debug|Any CPU
		{99DDA1A1-0EF1-4D66-AF02-9FD05EA8B8F7}.Debug|Any CPU.Build.0 = Debug|Any CPU
		{99DDA1A1-0EF1-4D66-AF02-9FD05EA8B8F7}.Debug|x64.ActiveCfg = Debug|Any CPU
		{99DDA1A1-0EF1-4D66-AF02-9FD05EA8B8F7}.Debug|x64.Build.0 = Debug|Any CPU
		{99DDA1A1-0EF1-4D66-AF02-9FD05EA8B8F7}.Debug|x86.ActiveCfg = Debug|Any CPU
		{99DDA1A1-0EF1-4D66-AF02-9FD05EA8B8F7}.Debug|x86.Build.0 = Debug|Any CPU
		{99DDA1A1-0EF1-4D66-AF02-9FD05EA8B8F7}.Release|Any CPU.ActiveCfg = Release|Any CPU
		{99DDA1A1-0EF1-4D66-AF02-9FD05EA8B8F7}.Release|Any CPU.Build.0 = Release|Any CPU
		{99DDA1A1-0EF1-4D66-AF02-9FD05EA8B8F7}.Release|x64.ActiveCfg = Release|Any CPU
		{99DDA1A1-0EF1-4D66-AF02-9FD05EA8B8F7}.Release|x64.Build.0 = Release|Any CPU
		{99DDA1A1-0EF1-4D66-AF02-9FD05EA8B8F7}.Release|x86.ActiveCfg = Release|Any CPU
		{99DDA1A1-0EF1-4D66-AF02-9FD05EA8B8F7}.Release|x86.Build.0 = Release|Any CPU
		{C267FC56-CEDF-418F-8456-A2442614C253}.Debug|Any CPU.ActiveCfg = Debug|Any CPU
		{C267FC56-CEDF-418F-8456-A2442614C253}.Debug|Any CPU.Build.0 = Debug|Any CPU
		{C267FC56-CEDF-418F-8456-A2442614C253}.Debug|x64.ActiveCfg = Debug|Any CPU
		{C267FC56-CEDF-418F-8456-A2442614C253}.Debug|x64.Build.0 = Debug|Any CPU
		{C267FC56-CEDF-418F-8456-A2442614C253}.Debug|x86.ActiveCfg = Debug|Any CPU
		{C267FC56-CEDF-418F-8456-A2442614C253}.Debug|x86.Build.0 = Debug|Any CPU
		{C267FC56-CEDF-418F-8456-A2442614C253}.Release|Any CPU.ActiveCfg = Release|Any CPU
		{C267FC56-CEDF-418F-8456-A2442614C253}.Release|Any CPU.Build.0 = Release|Any CPU
		{C267FC56-CEDF-418F-8456-A2442614C253}.Release|x64.ActiveCfg = Release|Any CPU
		{C267FC56-CEDF-418F-8456-A2442614C253}.Release|x64.Build.0 = Release|Any CPU
		{C267FC56-CEDF-418F-8456-A2442614C253}.Release|x86.ActiveCfg = Release|Any CPU
		{C267FC56-CEDF-418F-8456-A2442614C253}.Release|x86.Build.0 = Release|Any CPU
		{833209F5-D388-4927-B856-4824AAC1A3E1}.Debug|Any CPU.ActiveCfg = Debug|Any CPU
		{833209F5-D388-4927-B856-4824AAC1A3E1}.Debug|Any CPU.Build.0 = Debug|Any CPU
		{833209F5-D388-4927-B856-4824AAC1A3E1}.Debug|x64.ActiveCfg = Debug|Any CPU
		{833209F5-D388-4927-B856-4824AAC1A3E1}.Debug|x64.Build.0 = Debug|Any CPU
		{833209F5-D388-4927-B856-4824AAC1A3E1}.Debug|x86.ActiveCfg = Debug|Any CPU
		{833209F5-D388-4927-B856-4824AAC1A3E1}.Debug|x86.Build.0 = Debug|Any CPU
		{833209F5-D388-4927-B856-4824AAC1A3E1}.Release|Any CPU.ActiveCfg = Release|Any CPU
		{833209F5-D388-4927-B856-4824AAC1A3E1}.Release|Any CPU.Build.0 = Release|Any CPU
		{833209F5-D388-4927-B856-4824AAC1A3E1}.Release|x64.ActiveCfg = Release|Any CPU
		{833209F5-D388-4927-B856-4824AAC1A3E1}.Release|x64.Build.0 = Release|Any CPU
		{833209F5-D388-4927-B856-4824AAC1A3E1}.Release|x86.ActiveCfg = Release|Any CPU
		{833209F5-D388-4927-B856-4824AAC1A3E1}.Release|x86.Build.0 = Release|Any CPU
		{17D97148-92EB-480D-8403-093CF1FA3496}.Debug|Any CPU.ActiveCfg = Debug|Any CPU
		{17D97148-92EB-480D-8403-093CF1FA3496}.Debug|Any CPU.Build.0 = Debug|Any CPU
		{17D97148-92EB-480D-8403-093CF1FA3496}.Debug|x64.ActiveCfg = Debug|Any CPU
		{17D97148-92EB-480D-8403-093CF1FA3496}.Debug|x64.Build.0 = Debug|Any CPU
		{17D97148-92EB-480D-8403-093CF1FA3496}.Debug|x86.ActiveCfg = Debug|Any CPU
		{17D97148-92EB-480D-8403-093CF1FA3496}.Debug|x86.Build.0 = Debug|Any CPU
		{17D97148-92EB-480D-8403-093CF1FA3496}.Release|Any CPU.ActiveCfg = Release|Any CPU
		{17D97148-92EB-480D-8403-093CF1FA3496}.Release|Any CPU.Build.0 = Release|Any CPU
		{17D97148-92EB-480D-8403-093CF1FA3496}.Release|x64.ActiveCfg = Release|Any CPU
		{17D97148-92EB-480D-8403-093CF1FA3496}.Release|x64.Build.0 = Release|Any CPU
		{17D97148-92EB-480D-8403-093CF1FA3496}.Release|x86.ActiveCfg = Release|Any CPU
		{17D97148-92EB-480D-8403-093CF1FA3496}.Release|x86.Build.0 = Release|Any CPU
		{4B103D1B-EEB3-4736-8E4E-6E01D9C9DD43}.Debug|Any CPU.ActiveCfg = Debug|Any CPU
		{4B103D1B-EEB3-4736-8E4E-6E01D9C9DD43}.Debug|Any CPU.Build.0 = Debug|Any CPU
		{4B103D1B-EEB3-4736-8E4E-6E01D9C9DD43}.Debug|x64.ActiveCfg = Debug|Any CPU
		{4B103D1B-EEB3-4736-8E4E-6E01D9C9DD43}.Debug|x64.Build.0 = Debug|Any CPU
		{4B103D1B-EEB3-4736-8E4E-6E01D9C9DD43}.Debug|x86.ActiveCfg = Debug|Any CPU
		{4B103D1B-EEB3-4736-8E4E-6E01D9C9DD43}.Debug|x86.Build.0 = Debug|Any CPU
		{4B103D1B-EEB3-4736-8E4E-6E01D9C9DD43}.Release|Any CPU.ActiveCfg = Release|Any CPU
		{4B103D1B-EEB3-4736-8E4E-6E01D9C9DD43}.Release|Any CPU.Build.0 = Release|Any CPU
		{4B103D1B-EEB3-4736-8E4E-6E01D9C9DD43}.Release|x64.ActiveCfg = Release|Any CPU
		{4B103D1B-EEB3-4736-8E4E-6E01D9C9DD43}.Release|x64.Build.0 = Release|Any CPU
		{4B103D1B-EEB3-4736-8E4E-6E01D9C9DD43}.Release|x86.ActiveCfg = Release|Any CPU
		{4B103D1B-EEB3-4736-8E4E-6E01D9C9DD43}.Release|x86.Build.0 = Release|Any CPU
		{2B18A2BA-DF0E-4853-9CF3-6E543416939A}.Debug|Any CPU.ActiveCfg = Debug|Any CPU
		{2B18A2BA-DF0E-4853-9CF3-6E543416939A}.Debug|Any CPU.Build.0 = Debug|Any CPU
		{2B18A2BA-DF0E-4853-9CF3-6E543416939A}.Debug|x64.ActiveCfg = Debug|Any CPU
		{2B18A2BA-DF0E-4853-9CF3-6E543416939A}.Debug|x64.Build.0 = Debug|Any CPU
		{2B18A2BA-DF0E-4853-9CF3-6E543416939A}.Debug|x86.ActiveCfg = Debug|Any CPU
		{2B18A2BA-DF0E-4853-9CF3-6E543416939A}.Debug|x86.Build.0 = Debug|Any CPU
		{2B18A2BA-DF0E-4853-9CF3-6E543416939A}.Release|Any CPU.ActiveCfg = Release|Any CPU
		{2B18A2BA-DF0E-4853-9CF3-6E543416939A}.Release|Any CPU.Build.0 = Release|Any CPU
		{2B18A2BA-DF0E-4853-9CF3-6E543416939A}.Release|x64.ActiveCfg = Release|Any CPU
		{2B18A2BA-DF0E-4853-9CF3-6E543416939A}.Release|x64.Build.0 = Release|Any CPU
		{2B18A2BA-DF0E-4853-9CF3-6E543416939A}.Release|x86.ActiveCfg = Release|Any CPU
		{2B18A2BA-DF0E-4853-9CF3-6E543416939A}.Release|x86.Build.0 = Release|Any CPU
		{63F35293-13B3-4823-A169-A4F48C4F09A9}.Debug|Any CPU.ActiveCfg = Debug|Any CPU
		{63F35293-13B3-4823-A169-A4F48C4F09A9}.Debug|Any CPU.Build.0 = Debug|Any CPU
		{63F35293-13B3-4823-A169-A4F48C4F09A9}.Debug|x64.ActiveCfg = Debug|Any CPU
		{63F35293-13B3-4823-A169-A4F48C4F09A9}.Debug|x64.Build.0 = Debug|Any CPU
		{63F35293-13B3-4823-A169-A4F48C4F09A9}.Debug|x86.ActiveCfg = Debug|Any CPU
		{63F35293-13B3-4823-A169-A4F48C4F09A9}.Debug|x86.Build.0 = Debug|Any CPU
		{63F35293-13B3-4823-A169-A4F48C4F09A9}.Release|Any CPU.ActiveCfg = Release|Any CPU
		{63F35293-13B3-4823-A169-A4F48C4F09A9}.Release|Any CPU.Build.0 = Release|Any CPU
		{63F35293-13B3-4823-A169-A4F48C4F09A9}.Release|x64.ActiveCfg = Release|Any CPU
		{63F35293-13B3-4823-A169-A4F48C4F09A9}.Release|x64.Build.0 = Release|Any CPU
		{63F35293-13B3-4823-A169-A4F48C4F09A9}.Release|x86.ActiveCfg = Release|Any CPU
		{63F35293-13B3-4823-A169-A4F48C4F09A9}.Release|x86.Build.0 = Release|Any CPU
		{EA7F435A-87EC-4D43-95C1-396CDDAC36B3}.Debug|Any CPU.ActiveCfg = Debug|Any CPU
		{EA7F435A-87EC-4D43-95C1-396CDDAC36B3}.Debug|Any CPU.Build.0 = Debug|Any CPU
		{EA7F435A-87EC-4D43-95C1-396CDDAC36B3}.Debug|x64.ActiveCfg = Debug|Any CPU
		{EA7F435A-87EC-4D43-95C1-396CDDAC36B3}.Debug|x64.Build.0 = Debug|Any CPU
		{EA7F435A-87EC-4D43-95C1-396CDDAC36B3}.Debug|x86.ActiveCfg = Debug|Any CPU
		{EA7F435A-87EC-4D43-95C1-396CDDAC36B3}.Debug|x86.Build.0 = Debug|Any CPU
		{EA7F435A-87EC-4D43-95C1-396CDDAC36B3}.Release|Any CPU.ActiveCfg = Release|Any CPU
		{EA7F435A-87EC-4D43-95C1-396CDDAC36B3}.Release|Any CPU.Build.0 = Release|Any CPU
		{EA7F435A-87EC-4D43-95C1-396CDDAC36B3}.Release|x64.ActiveCfg = Release|Any CPU
		{EA7F435A-87EC-4D43-95C1-396CDDAC36B3}.Release|x64.Build.0 = Release|Any CPU
		{EA7F435A-87EC-4D43-95C1-396CDDAC36B3}.Release|x86.ActiveCfg = Release|Any CPU
		{EA7F435A-87EC-4D43-95C1-396CDDAC36B3}.Release|x86.Build.0 = Release|Any CPU
	EndGlobalSection
	GlobalSection(SolutionProperties) = preSolution
		HideSolutionNode = FALSE
	EndGlobalSection
	GlobalSection(ExtensibilityGlobals) = postSolution
		SolutionGuid = {99ED19CB-A795-4B21-8D31-328F9337BCED}
	EndGlobalSection
EndGlobal
